
Microsoft Visual Studio Solution File, Format Version 12.00
# Visual Studio 15
VisualStudioVersion = 15.0.27703.2035
MinimumVisualStudioVersion = 10.0.40219.1
Project("{FAE04EC0-301F-11D3-BF4B-00C04F79EFBC}") = "Programa de Contabilidad", "WindowsFormsApplication1\Programa de Contabilidad.csproj", "{4BA92CD2-AAB3-455C-BD3A-F112FB9E3B88}"
EndProject
Global
	GlobalSection(SolutionConfigurationPlatforms) = preSolution
		Debug|Any CPU = Debug|Any CPU
		Release|Any CPU = Release|Any CPU
	EndGlobalSection
	GlobalSection(ProjectConfigurationPlatforms) = postSolution
		{4BA92CD2-AAB3-455C-BD3A-F112FB9E3B88}.Debug|Any CPU.ActiveCfg = Debug|Any CPU
		{4BA92CD2-AAB3-455C-BD3A-F112FB9E3B88}.Debug|Any CPU.Build.0 = Debug|Any CPU
		{4BA92CD2-AAB3-455C-BD3A-F112FB9E3B88}.Release|Any CPU.ActiveCfg = Release|Any CPU
		{4BA92CD2-AAB3-455C-BD3A-F112FB9E3B88}.Release|Any CPU.Build.0 = Release|Any CPU
	EndGlobalSection
	GlobalSection(SolutionProperties) = preSolution
		HideSolutionNode = FALSE
	EndGlobalSection
	GlobalSection(ExtensibilityGlobals) = postSolution
		SolutionGuid = {B230D2EE-067A-4458-B59A-599D17410761}
	EndGlobalSection
EndGlobal
